{
  "name": "platform",
  "version": "1.0.0",
  "lockfileVersion": 3,
  "requires": true,
  "packages": {
    "": {
      "name": "platform",
      "version": "1.0.0",
      "license": "ISC",
      "dependencies": {
        "@shans8d/ajs": "^1.0.0"
      }
    },
    "node_modules/@shans8d/ajs": {
      "version": "1.0.0",
      "resolved": "https://npm.pkg.github.com/download/@shans8d/ajs/1.0.0/18802e893853a9dd9ed63f9b1e089a268e88e77b",
      "integrity": "sha512-gnWyqnmJQviyN8jjjkpJl2j63ZDrDziD7f11AMiTF/LSB6/9t0cPcnBCMPFAzb57lZHdMWnW4Bjxwts9tXR13Q==",
      "license": "ISC"
    }
  }
}
